
Microsoft Visual Studio Solution File, Format Version 12.00
# Visual Studio Version 16
VisualStudioVersion = 16.0.31613.86
MinimumVisualStudioVersion = 10.0.40219.1
Project("{9A19103F-16F7-4668-BE54-9A1E7A4F7556}") = "VeraSotelo.Mercedes.2D.TPFinal", "VeraSotelo.Mercedes.2D.TPFinal\VeraSotelo.Mercedes.2D.TPFinal.csproj", "{3BCB113E-D223-4D29-9093-C59A5C7DD355}"
EndProject
Project("{9A19103F-16F7-4668-BE54-9A1E7A4F7556}") = "Biblioteca", "Biblioteca\Biblioteca.csproj", "{6DB73BB7-3260-45AB-8CD8-BA7FFB9F0B39}"
EndProject
Project("{9A19103F-16F7-4668-BE54-9A1E7A4F7556}") = "Test", "Test\Test.csproj", "{B61D7B1F-7471-458D-A8E9-F359DE918C4B}"
EndProject
Project("{9A19103F-16F7-4668-BE54-9A1E7A4F7556}") = "TestUnitarios", "TestUnitarios\TestUnitarios.csproj", "{603FD6BE-D4E4-4583-B212-0098D3203FDA}"
EndProject
Global
	GlobalSection(SolutionConfigurationPlatforms) = preSolution
		Debug|Any CPU = Debug|Any CPU
		Release|Any CPU = Release|Any CPU
	EndGlobalSection
	GlobalSection(ProjectConfigurationPlatforms) = postSolution
		{3BCB113E-D223-4D29-9093-C59A5C7DD355}.Debug|Any CPU.ActiveCfg = Debug|Any CPU
		{3BCB113E-D223-4D29-9093-C59A5C7DD355}.Debug|Any CPU.Build.0 = Debug|Any CPU
		{3BCB113E-D223-4D29-9093-C59A5C7DD355}.Release|Any CPU.ActiveCfg = Release|Any CPU
		{3BCB113E-D223-4D29-9093-C59A5C7DD355}.Release|Any CPU.Build.0 = Release|Any CPU
		{6DB73BB7-3260-45AB-8CD8-BA7FFB9F0B39}.Debug|Any CPU.ActiveCfg = Debug|Any CPU
		{6DB73BB7-3260-45AB-8CD8-BA7FFB9F0B39}.Debug|Any CPU.Build.0 = Debug|Any CPU
		{6DB73BB7-3260-45AB-8CD8-BA7FFB9F0B39}.Release|Any CPU.ActiveCfg = Release|Any CPU
		{6DB73BB7-3260-45AB-8CD8-BA7FFB9F0B39}.Release|Any CPU.Build.0 = Release|Any CPU
		{B61D7B1F-7471-458D-A8E9-F359DE918C4B}.Debug|Any CPU.ActiveCfg = Debug|Any CPU
		{B61D7B1F-7471-458D-A8E9-F359DE918C4B}.Debug|Any CPU.Build.0 = Debug|Any CPU
		{B61D7B1F-7471-458D-A8E9-F359DE918C4B}.Release|Any CPU.ActiveCfg = Release|Any CPU
		{B61D7B1F-7471-458D-A8E9-F359DE918C4B}.Release|Any CPU.Build.0 = Release|Any CPU
		{603FD6BE-D4E4-4583-B212-0098D3203FDA}.Debug|Any CPU.ActiveCfg = Debug|Any CPU
		{603FD6BE-D4E4-4583-B212-0098D3203FDA}.Debug|Any CPU.Build.0 = Debug|Any CPU
		{603FD6BE-D4E4-4583-B212-0098D3203FDA}.Release|Any CPU.ActiveCfg = Release|Any CPU
		{603FD6BE-D4E4-4583-B212-0098D3203FDA}.Release|Any CPU.Build.0 = Release|Any CPU
	EndGlobalSection
	GlobalSection(SolutionProperties) = preSolution
		HideSolutionNode = FALSE
	EndGlobalSection
	GlobalSection(ExtensibilityGlobals) = postSolution
		SolutionGuid = {DAB46DF6-9DDE-437F-A207-DEB6DC8E8FFF}
	EndGlobalSection
EndGlobal
